
Microsoft Visual Studio Solution File, Format Version 12.00
# Visual Studio Version 16
VisualStudioVersion = 16.0.29102.190
MinimumVisualStudioVersion = 10.0.40219.1
Project("{FAE04EC0-301F-11D3-BF4B-00C04F79EFBC}") = "PianoUserControl", "PianoUserControl\PianoUserControl.csproj", "{08310CAB-9F22-42CE-854C-A963662627FC}"
EndProject
Project("{FAE04EC0-301F-11D3-BF4B-00C04F79EFBC}") = "TestDynamic", "TestDynamic\TestDynamic.csproj", "{E5B589C4-DB18-4368-92D3-1EC0AD295346}"
EndProject
Project("{FAE04EC0-301F-11D3-BF4B-00C04F79EFBC}") = "PianoTest", "PianoTest\PianoTest.csproj", "{D5122AD5-1FB1-4230-B670-27E306CC263D}"
EndProject
Global
	GlobalSection(SolutionConfigurationPlatforms) = preSolution
		Debug|Any CPU = Debug|Any CPU
		Release|Any CPU = Release|Any CPU
	EndGlobalSection
	GlobalSection(ProjectConfigurationPlatforms) = postSolution
		{08310CAB-9F22-42CE-854C-A963662627FC}.Debug|Any CPU.ActiveCfg = Debug|Any CPU
		{08310CAB-9F22-42CE-854C-A963662627FC}.Debug|Any CPU.Build.0 = Debug|Any CPU
		{08310CAB-9F22-42CE-854C-A963662627FC}.Release|Any CPU.ActiveCfg = Release|Any CPU
		{08310CAB-9F22-42CE-854C-A963662627FC}.Release|Any CPU.Build.0 = Release|Any CPU
		{E5B589C4-DB18-4368-92D3-1EC0AD295346}.Debug|Any CPU.ActiveCfg = Debug|Any CPU
		{E5B589C4-DB18-4368-92D3-1EC0AD295346}.Debug|Any CPU.Build.0 = Debug|Any CPU
		{E5B589C4-DB18-4368-92D3-1EC0AD295346}.Release|Any CPU.ActiveCfg = Release|Any CPU
		{E5B589C4-DB18-4368-92D3-1EC0AD295346}.Release|Any CPU.Build.0 = Release|Any CPU
		{D5122AD5-1FB1-4230-B670-27E306CC263D}.Debug|Any CPU.ActiveCfg = Debug|Any CPU
		{D5122AD5-1FB1-4230-B670-27E306CC263D}.Debug|Any CPU.Build.0 = Debug|Any CPU
		{D5122AD5-1FB1-4230-B670-27E306CC263D}.Release|Any CPU.ActiveCfg = Release|Any CPU
		{D5122AD5-1FB1-4230-B670-27E306CC263D}.Release|Any CPU.Build.0 = Release|Any CPU
	EndGlobalSection
	GlobalSection(SolutionProperties) = preSolution
		HideSolutionNode = FALSE
	EndGlobalSection
	GlobalSection(ExtensibilityGlobals) = postSolution
		SolutionGuid = {40362B8E-CBC5-4127-9661-BED32CC7BB93}
	EndGlobalSection
EndGlobal
